
Microsoft Visual Studio Solution File, Format Version 12.00
# Visual Studio Version 16
VisualStudioVersion = 16.0.30523.141
MinimumVisualStudioVersion = 10.0.40219.1
Project("{8BC9CEB8-8B4A-11D0-8D11-00A0C91BC942}") = "LAB12_1", "LAB12_1\LAB12_1.vcxproj", "{F6A1D75E-DF30-4F33-B224-E19F50BC06DD}"
EndProject
Project("{8BC9CEB8-8B4A-11D0-8D11-00A0C91BC942}") = "LAB12_2", "LAB12_2\LAB12_2.vcxproj", "{46AB1F57-4C9E-4CBA-94B3-8606349E5B37}"
EndProject
Project("{8BC9CEB8-8B4A-11D0-8D11-00A0C91BC942}") = "LAB12_3", "LAB12_3\LAB12_3.vcxproj", "{99CE2EE0-B871-4577-A52E-67596DF9BF7C}"
EndProject
Project("{8BC9CEB8-8B4A-11D0-8D11-00A0C91BC942}") = "LAB12_4", "LAB12_4\LAB12_4.vcxproj", "{ED10B502-6D78-4E71-BCBC-D5C908470DBD}"
EndProject
Project("{8BC9CEB8-8B4A-11D0-8D11-00A0C91BC942}") = "HW12_1", "HW12_1\HW12_1.vcxproj", "{6B2A5F20-D04F-4765-BD10-1F7FB790CDAE}"
EndProject
Project("{8BC9CEB8-8B4A-11D0-8D11-00A0C91BC942}") = "HW12_2", "HW12_2\HW12_2.vcxproj", "{DEDF5EDE-CA56-4A6C-9765-13BEC51D890A}"
EndProject
Project("{8BC9CEB8-8B4A-11D0-8D11-00A0C91BC942}") = "HW12_3", "HW12_3\HW12_3.vcxproj", "{A20A3A8F-CE21-4AD7-B2B7-2D15D0D7FBEC}"
EndProject
Global
	GlobalSection(SolutionConfigurationPlatforms) = preSolution
		Debug|x64 = Debug|x64
		Debug|x86 = Debug|x86
		Release|x64 = Release|x64
		Release|x86 = Release|x86
	EndGlobalSection
	GlobalSection(ProjectConfigurationPlatforms) = postSolution
		{F6A1D75E-DF30-4F33-B224-E19F50BC06DD}.Debug|x64.ActiveCfg = Debug|x64
		{F6A1D75E-DF30-4F33-B224-E19F50BC06DD}.Debug|x64.Build.0 = Debug|x64
		{F6A1D75E-DF30-4F33-B224-E19F50BC06DD}.Debug|x86.ActiveCfg = Debug|Win32
		{F6A1D75E-DF30-4F33-B224-E19F50BC06DD}.Debug|x86.Build.0 = Debug|Win32
		{F6A1D75E-DF30-4F33-B224-E19F50BC06DD}.Release|x64.ActiveCfg = Release|x64
		{F6A1D75E-DF30-4F33-B224-E19F50BC06DD}.Release|x64.Build.0 = Release|x64
		{F6A1D75E-DF30-4F33-B224-E19F50BC06DD}.Release|x86.ActiveCfg = Release|Win32
		{F6A1D75E-DF30-4F33-B224-E19F50BC06DD}.Release|x86.Build.0 = Release|Win32
		{46AB1F57-4C9E-4CBA-94B3-8606349E5B37}.Debug|x64.ActiveCfg = Debug|x64
		{46AB1F57-4C9E-4CBA-94B3-8606349E5B37}.Debug|x64.Build.0 = Debug|x64
		{46AB1F57-4C9E-4CBA-94B3-8606349E5B37}.Debug|x86.ActiveCfg = Debug|Win32
		{46AB1F57-4C9E-4CBA-94B3-8606349E5B37}.Debug|x86.Build.0 = Debug|Win32
		{46AB1F57-4C9E-4CBA-94B3-8606349E5B37}.Release|x64.ActiveCfg = Release|x64
		{46AB1F57-4C9E-4CBA-94B3-8606349E5B37}.Release|x64.Build.0 = Release|x64
		{46AB1F57-4C9E-4CBA-94B3-8606349E5B37}.Release|x86.ActiveCfg = Release|Win32
		{46AB1F57-4C9E-4CBA-94B3-8606349E5B37}.Release|x86.Build.0 = Release|Win32
		{99CE2EE0-B871-4577-A52E-67596DF9BF7C}.Debug|x64.ActiveCfg = Debug|x64
		{99CE2EE0-B871-4577-A52E-67596DF9BF7C}.Debug|x64.Build.0 = Debug|x64
		{99CE2EE0-B871-4577-A52E-67596DF9BF7C}.Debug|x86.ActiveCfg = Debug|Win32
		{99CE2EE0-B871-4577-A52E-67596DF9BF7C}.Debug|x86.Build.0 = Debug|Win32
		{99CE2EE0-B871-4577-A52E-67596DF9BF7C}.Release|x64.ActiveCfg = Release|x64
		{99CE2EE0-B871-4577-A52E-67596DF9BF7C}.Release|x64.Build.0 = Release|x64
		{99CE2EE0-B871-4577-A52E-67596DF9BF7C}.Release|x86.ActiveCfg = Release|Win32
		{99CE2EE0-B871-4577-A52E-67596DF9BF7C}.Release|x86.Build.0 = Release|Win32
		{ED10B502-6D78-4E71-BCBC-D5C908470DBD}.Debug|x64.ActiveCfg = Debug|x64
		{ED10B502-6D78-4E71-BCBC-D5C908470DBD}.Debug|x64.Build.0 = Debug|x64
		{ED10B502-6D78-4E71-BCBC-D5C908470DBD}.Debug|x86.ActiveCfg = Debug|Win32
		{ED10B502-6D78-4E71-BCBC-D5C908470DBD}.Debug|x86.Build.0 = Debug|Win32
		{ED10B502-6D78-4E71-BCBC-D5C908470DBD}.Release|x64.ActiveCfg = Release|x64
		{ED10B502-6D78-4E71-BCBC-D5C908470DBD}.Release|x64.Build.0 = Release|x64
		{ED10B502-6D78-4E71-BCBC-D5C908470DBD}.Release|x86.ActiveCfg = Release|Win32
		{ED10B502-6D78-4E71-BCBC-D5C908470DBD}.Release|x86.Build.0 = Release|Win32
		{6B2A5F20-D04F-4765-BD10-1F7FB790CDAE}.Debug|x64.ActiveCfg = Debug|x64
		{6B2A5F20-D04F-4765-BD10-1F7FB790CDAE}.Debug|x64.Build.0 = Debug|x64
		{6B2A5F20-D04F-4765-BD10-1F7FB790CDAE}.Debug|x86.ActiveCfg = Debug|Win32
		{6B2A5F20-D04F-4765-BD10-1F7FB790CDAE}.Debug|x86.Build.0 = Debug|Win32
		{6B2A5F20-D04F-4765-BD10-1F7FB790CDAE}.Release|x64.ActiveCfg = Release|x64
		{6B2A5F20-D04F-4765-BD10-1F7FB790CDAE}.Release|x64.Build.0 = Release|x64
		{6B2A5F20-D04F-4765-BD10-1F7FB790CDAE}.Release|x86.ActiveCfg = Release|Win32
		{6B2A5F20-D04F-4765-BD10-1F7FB790CDAE}.Release|x86.Build.0 = Release|Win32
		{DEDF5EDE-CA56-4A6C-9765-13BEC51D890A}.Debug|x64.ActiveCfg = Debug|x64
		{DEDF5EDE-CA56-4A6C-9765-13BEC51D890A}.Debug|x64.Build.0 = Debug|x64
		{DEDF5EDE-CA56-4A6C-9765-13BEC51D890A}.Debug|x86.ActiveCfg = Debug|Win32
		{DEDF5EDE-CA56-4A6C-9765-13BEC51D890A}.Debug|x86.Build.0 = Debug|Win32
		{DEDF5EDE-CA56-4A6C-9765-13BEC51D890A}.Release|x64.ActiveCfg = Release|x64
		{DEDF5EDE-CA56-4A6C-9765-13BEC51D890A}.Release|x64.Build.0 = Release|x64
		{DEDF5EDE-CA56-4A6C-9765-13BEC51D890A}.Release|x86.ActiveCfg = Release|Win32
		{DEDF5EDE-CA56-4A6C-9765-13BEC51D890A}.Release|x86.Build.0 = Release|Win32
		{A20A3A8F-CE21-4AD7-B2B7-2D15D0D7FBEC}.Debug|x64.ActiveCfg = Debug|x64
		{A20A3A8F-CE21-4AD7-B2B7-2D15D0D7FBEC}.Debug|x64.Build.0 = Debug|x64
		{A20A3A8F-CE21-4AD7-B2B7-2D15D0D7FBEC}.Debug|x86.ActiveCfg = Debug|Win32
		{A20A3A8F-CE21-4AD7-B2B7-2D15D0D7FBEC}.Debug|x86.Build.0 = Debug|Win32
		{A20A3A8F-CE21-4AD7-B2B7-2D15D0D7FBEC}.Release|x64.ActiveCfg = Release|x64
		{A20A3A8F-CE21-4AD7-B2B7-2D15D0D7FBEC}.Release|x64.Build.0 = Release|x64
		{A20A3A8F-CE21-4AD7-B2B7-2D15D0D7FBEC}.Release|x86.ActiveCfg = Release|Win32
		{A20A3A8F-CE21-4AD7-B2B7-2D15D0D7FBEC}.Release|x86.Build.0 = Release|Win32
	EndGlobalSection
	GlobalSection(SolutionProperties) = preSolution
		HideSolutionNode = FALSE
	EndGlobalSection
	GlobalSection(ExtensibilityGlobals) = postSolution
		SolutionGuid = {578ABBD5-1BE7-41AF-A9F8-0AAFFCDC82E1}
	EndGlobalSection
EndGlobal
