
Microsoft Visual Studio Solution File, Format Version 12.00
# Visual Studio Version 16
VisualStudioVersion = 16.0.30523.141
MinimumVisualStudioVersion = 10.0.40219.1
Project("{8BC9CEB8-8B4A-11D0-8D11-00A0C91BC942}") = "LAB9_ab", "LAB9_ab\LAB9_ab.vcxproj", "{F2236C9B-EC42-480F-AA2F-C3EC32F7DA16}"
EndProject
Project("{8BC9CEB8-8B4A-11D0-8D11-00A0C91BC942}") = "LAB9_1", "LAB9_1\LAB9_1.vcxproj", "{BDB73203-DD1D-4E92-9B89-09BD830CB0A5}"
EndProject
Project("{8BC9CEB8-8B4A-11D0-8D11-00A0C91BC942}") = "LAB9_2", "LAB9_2\LAB9_2.vcxproj", "{A6630AF1-7C53-498F-AC55-C6BE86548402}"
EndProject
Project("{8BC9CEB8-8B4A-11D0-8D11-00A0C91BC942}") = "LAB9_3", "LAB9_3\LAB9_3.vcxproj", "{00F457AB-8075-4262-BCE1-C47A39E06A2F}"
EndProject
Project("{8BC9CEB8-8B4A-11D0-8D11-00A0C91BC942}") = "LAB9_4", "LAB9_4\LAB9_4.vcxproj", "{92221139-CBDD-45E5-BF38-A835014384F5}"
EndProject
Project("{8BC9CEB8-8B4A-11D0-8D11-00A0C91BC942}") = "HW9_1", "HW9_1\HW9_1.vcxproj", "{FBAB8D70-BD8B-41F7-A596-91BE56A72941}"
EndProject
Project("{8BC9CEB8-8B4A-11D0-8D11-00A0C91BC942}") = "HW9_2", "HW9_2\HW9_2.vcxproj", "{64C25FBC-3E31-4867-BC6C-8B809947B2D8}"
EndProject
Project("{8BC9CEB8-8B4A-11D0-8D11-00A0C91BC942}") = "HW9_3", "HW9_3\HW9_3.vcxproj", "{8B6EABEF-1176-42A2-A1DF-52086AB1D9B1}"
EndProject
Project("{8BC9CEB8-8B4A-11D0-8D11-00A0C91BC942}") = "HW9_4", "HW9_4\HW9_4.vcxproj", "{D7F3DB82-1193-4827-B4AE-158E877B61E0}"
EndProject
Project("{8BC9CEB8-8B4A-11D0-8D11-00A0C91BC942}") = "HW9_5", "HW9_5\HW9_5.vcxproj", "{66B8E54C-E6D9-4D0C-9F84-BEB82C98F9A6}"
EndProject
Project("{8BC9CEB8-8B4A-11D0-8D11-00A0C91BC942}") = "HW9_6", "HW9_6\HW9_6.vcxproj", "{EBE4F9CD-2715-4A27-8865-0E6209FC753C}"
EndProject
Project("{8BC9CEB8-8B4A-11D0-8D11-00A0C91BC942}") = "HW9_가", "HW9_가\HW9_가.vcxproj", "{581E7C8F-3E57-4AE2-A835-2A8A76D247BC}"
EndProject
Project("{8BC9CEB8-8B4A-11D0-8D11-00A0C91BC942}") = "HW9_가_2", "HW9_가_2\HW9_가_2.vcxproj", "{E30AA4BE-EC74-4743-95C8-B5D90202BC39}"
EndProject
Project("{8BC9CEB8-8B4A-11D0-8D11-00A0C91BC942}") = "HW9_나", "HW9_나\HW9_나.vcxproj", "{63D76040-5B48-4AE3-B7FC-B4DEBD9D0628}"
EndProject
Project("{8BC9CEB8-8B4A-11D0-8D11-00A0C91BC942}") = "HW9_다", "HW9_다\HW9_다.vcxproj", "{EF214679-4175-4B3C-8669-F162D6489E49}"
EndProject
Global
	GlobalSection(SolutionConfigurationPlatforms) = preSolution
		Debug|x64 = Debug|x64
		Debug|x86 = Debug|x86
		Release|x64 = Release|x64
		Release|x86 = Release|x86
	EndGlobalSection
	GlobalSection(ProjectConfigurationPlatforms) = postSolution
		{F2236C9B-EC42-480F-AA2F-C3EC32F7DA16}.Debug|x64.ActiveCfg = Debug|x64
		{F2236C9B-EC42-480F-AA2F-C3EC32F7DA16}.Debug|x64.Build.0 = Debug|x64
		{F2236C9B-EC42-480F-AA2F-C3EC32F7DA16}.Debug|x86.ActiveCfg = Debug|Win32
		{F2236C9B-EC42-480F-AA2F-C3EC32F7DA16}.Debug|x86.Build.0 = Debug|Win32
		{F2236C9B-EC42-480F-AA2F-C3EC32F7DA16}.Release|x64.ActiveCfg = Release|x64
		{F2236C9B-EC42-480F-AA2F-C3EC32F7DA16}.Release|x64.Build.0 = Release|x64
		{F2236C9B-EC42-480F-AA2F-C3EC32F7DA16}.Release|x86.ActiveCfg = Release|Win32
		{F2236C9B-EC42-480F-AA2F-C3EC32F7DA16}.Release|x86.Build.0 = Release|Win32
		{BDB73203-DD1D-4E92-9B89-09BD830CB0A5}.Debug|x64.ActiveCfg = Debug|x64
		{BDB73203-DD1D-4E92-9B89-09BD830CB0A5}.Debug|x64.Build.0 = Debug|x64
		{BDB73203-DD1D-4E92-9B89-09BD830CB0A5}.Debug|x86.ActiveCfg = Debug|Win32
		{BDB73203-DD1D-4E92-9B89-09BD830CB0A5}.Debug|x86.Build.0 = Debug|Win32
		{BDB73203-DD1D-4E92-9B89-09BD830CB0A5}.Release|x64.ActiveCfg = Release|x64
		{BDB73203-DD1D-4E92-9B89-09BD830CB0A5}.Release|x64.Build.0 = Release|x64
		{BDB73203-DD1D-4E92-9B89-09BD830CB0A5}.Release|x86.ActiveCfg = Release|Win32
		{BDB73203-DD1D-4E92-9B89-09BD830CB0A5}.Release|x86.Build.0 = Release|Win32
		{A6630AF1-7C53-498F-AC55-C6BE86548402}.Debug|x64.ActiveCfg = Debug|x64
		{A6630AF1-7C53-498F-AC55-C6BE86548402}.Debug|x64.Build.0 = Debug|x64
		{A6630AF1-7C53-498F-AC55-C6BE86548402}.Debug|x86.ActiveCfg = Debug|Win32
		{A6630AF1-7C53-498F-AC55-C6BE86548402}.Debug|x86.Build.0 = Debug|Win32
		{A6630AF1-7C53-498F-AC55-C6BE86548402}.Release|x64.ActiveCfg = Release|x64
		{A6630AF1-7C53-498F-AC55-C6BE86548402}.Release|x64.Build.0 = Release|x64
		{A6630AF1-7C53-498F-AC55-C6BE86548402}.Release|x86.ActiveCfg = Release|Win32
		{A6630AF1-7C53-498F-AC55-C6BE86548402}.Release|x86.Build.0 = Release|Win32
		{00F457AB-8075-4262-BCE1-C47A39E06A2F}.Debug|x64.ActiveCfg = Debug|x64
		{00F457AB-8075-4262-BCE1-C47A39E06A2F}.Debug|x64.Build.0 = Debug|x64
		{00F457AB-8075-4262-BCE1-C47A39E06A2F}.Debug|x86.ActiveCfg = Debug|Win32
		{00F457AB-8075-4262-BCE1-C47A39E06A2F}.Debug|x86.Build.0 = Debug|Win32
		{00F457AB-8075-4262-BCE1-C47A39E06A2F}.Release|x64.ActiveCfg = Release|x64
		{00F457AB-8075-4262-BCE1-C47A39E06A2F}.Release|x64.Build.0 = Release|x64
		{00F457AB-8075-4262-BCE1-C47A39E06A2F}.Release|x86.ActiveCfg = Release|Win32
		{00F457AB-8075-4262-BCE1-C47A39E06A2F}.Release|x86.Build.0 = Release|Win32
		{92221139-CBDD-45E5-BF38-A835014384F5}.Debug|x64.ActiveCfg = Debug|x64
		{92221139-CBDD-45E5-BF38-A835014384F5}.Debug|x64.Build.0 = Debug|x64
		{92221139-CBDD-45E5-BF38-A835014384F5}.Debug|x86.ActiveCfg = Debug|Win32
		{92221139-CBDD-45E5-BF38-A835014384F5}.Debug|x86.Build.0 = Debug|Win32
		{92221139-CBDD-45E5-BF38-A835014384F5}.Release|x64.ActiveCfg = Release|x64
		{92221139-CBDD-45E5-BF38-A835014384F5}.Release|x64.Build.0 = Release|x64
		{92221139-CBDD-45E5-BF38-A835014384F5}.Release|x86.ActiveCfg = Release|Win32
		{92221139-CBDD-45E5-BF38-A835014384F5}.Release|x86.Build.0 = Release|Win32
		{FBAB8D70-BD8B-41F7-A596-91BE56A72941}.Debug|x64.ActiveCfg = Debug|x64
		{FBAB8D70-BD8B-41F7-A596-91BE56A72941}.Debug|x64.Build.0 = Debug|x64
		{FBAB8D70-BD8B-41F7-A596-91BE56A72941}.Debug|x86.ActiveCfg = Debug|Win32
		{FBAB8D70-BD8B-41F7-A596-91BE56A72941}.Debug|x86.Build.0 = Debug|Win32
		{FBAB8D70-BD8B-41F7-A596-91BE56A72941}.Release|x64.ActiveCfg = Release|x64
		{FBAB8D70-BD8B-41F7-A596-91BE56A72941}.Release|x64.Build.0 = Release|x64
		{FBAB8D70-BD8B-41F7-A596-91BE56A72941}.Release|x86.ActiveCfg = Release|Win32
		{FBAB8D70-BD8B-41F7-A596-91BE56A72941}.Release|x86.Build.0 = Release|Win32
		{64C25FBC-3E31-4867-BC6C-8B809947B2D8}.Debug|x64.ActiveCfg = Debug|x64
		{64C25FBC-3E31-4867-BC6C-8B809947B2D8}.Debug|x64.Build.0 = Debug|x64
		{64C25FBC-3E31-4867-BC6C-8B809947B2D8}.Debug|x86.ActiveCfg = Debug|Win32
		{64C25FBC-3E31-4867-BC6C-8B809947B2D8}.Debug|x86.Build.0 = Debug|Win32
		{64C25FBC-3E31-4867-BC6C-8B809947B2D8}.Release|x64.ActiveCfg = Release|x64
		{64C25FBC-3E31-4867-BC6C-8B809947B2D8}.Release|x64.Build.0 = Release|x64
		{64C25FBC-3E31-4867-BC6C-8B809947B2D8}.Release|x86.ActiveCfg = Release|Win32
		{64C25FBC-3E31-4867-BC6C-8B809947B2D8}.Release|x86.Build.0 = Release|Win32
		{8B6EABEF-1176-42A2-A1DF-52086AB1D9B1}.Debug|x64.ActiveCfg = Debug|x64
		{8B6EABEF-1176-42A2-A1DF-52086AB1D9B1}.Debug|x64.Build.0 = Debug|x64
		{8B6EABEF-1176-42A2-A1DF-52086AB1D9B1}.Debug|x86.ActiveCfg = Debug|Win32
		{8B6EABEF-1176-42A2-A1DF-52086AB1D9B1}.Debug|x86.Build.0 = Debug|Win32
		{8B6EABEF-1176-42A2-A1DF-52086AB1D9B1}.Release|x64.ActiveCfg = Release|x64
		{8B6EABEF-1176-42A2-A1DF-52086AB1D9B1}.Release|x64.Build.0 = Release|x64
		{8B6EABEF-1176-42A2-A1DF-52086AB1D9B1}.Release|x86.ActiveCfg = Release|Win32
		{8B6EABEF-1176-42A2-A1DF-52086AB1D9B1}.Release|x86.Build.0 = Release|Win32
		{D7F3DB82-1193-4827-B4AE-158E877B61E0}.Debug|x64.ActiveCfg = Debug|x64
		{D7F3DB82-1193-4827-B4AE-158E877B61E0}.Debug|x64.Build.0 = Debug|x64
		{D7F3DB82-1193-4827-B4AE-158E877B61E0}.Debug|x86.ActiveCfg = Debug|Win32
		{D7F3DB82-1193-4827-B4AE-158E877B61E0}.Debug|x86.Build.0 = Debug|Win32
		{D7F3DB82-1193-4827-B4AE-158E877B61E0}.Release|x64.ActiveCfg = Release|x64
		{D7F3DB82-1193-4827-B4AE-158E877B61E0}.Release|x64.Build.0 = Release|x64
		{D7F3DB82-1193-4827-B4AE-158E877B61E0}.Release|x86.ActiveCfg = Release|Win32
		{D7F3DB82-1193-4827-B4AE-158E877B61E0}.Release|x86.Build.0 = Release|Win32
		{66B8E54C-E6D9-4D0C-9F84-BEB82C98F9A6}.Debug|x64.ActiveCfg = Debug|x64
		{66B8E54C-E6D9-4D0C-9F84-BEB82C98F9A6}.Debug|x64.Build.0 = Debug|x64
		{66B8E54C-E6D9-4D0C-9F84-BEB82C98F9A6}.Debug|x86.ActiveCfg = Debug|Win32
		{66B8E54C-E6D9-4D0C-9F84-BEB82C98F9A6}.Debug|x86.Build.0 = Debug|Win32
		{66B8E54C-E6D9-4D0C-9F84-BEB82C98F9A6}.Release|x64.ActiveCfg = Release|x64
		{66B8E54C-E6D9-4D0C-9F84-BEB82C98F9A6}.Release|x64.Build.0 = Release|x64
		{66B8E54C-E6D9-4D0C-9F84-BEB82C98F9A6}.Release|x86.ActiveCfg = Release|Win32
		{66B8E54C-E6D9-4D0C-9F84-BEB82C98F9A6}.Release|x86.Build.0 = Release|Win32
		{EBE4F9CD-2715-4A27-8865-0E6209FC753C}.Debug|x64.ActiveCfg = Debug|x64
		{EBE4F9CD-2715-4A27-8865-0E6209FC753C}.Debug|x64.Build.0 = Debug|x64
		{EBE4F9CD-2715-4A27-8865-0E6209FC753C}.Debug|x86.ActiveCfg = Debug|Win32
		{EBE4F9CD-2715-4A27-8865-0E6209FC753C}.Debug|x86.Build.0 = Debug|Win32
		{EBE4F9CD-2715-4A27-8865-0E6209FC753C}.Release|x64.ActiveCfg = Release|x64
		{EBE4F9CD-2715-4A27-8865-0E6209FC753C}.Release|x64.Build.0 = Release|x64
		{EBE4F9CD-2715-4A27-8865-0E6209FC753C}.Release|x86.ActiveCfg = Release|Win32
		{EBE4F9CD-2715-4A27-8865-0E6209FC753C}.Release|x86.Build.0 = Release|Win32
		{581E7C8F-3E57-4AE2-A835-2A8A76D247BC}.Debug|x64.ActiveCfg = Debug|x64
		{581E7C8F-3E57-4AE2-A835-2A8A76D247BC}.Debug|x64.Build.0 = Debug|x64
		{581E7C8F-3E57-4AE2-A835-2A8A76D247BC}.Debug|x86.ActiveCfg = Debug|Win32
		{581E7C8F-3E57-4AE2-A835-2A8A76D247BC}.Debug|x86.Build.0 = Debug|Win32
		{581E7C8F-3E57-4AE2-A835-2A8A76D247BC}.Release|x64.ActiveCfg = Release|x64
		{581E7C8F-3E57-4AE2-A835-2A8A76D247BC}.Release|x64.Build.0 = Release|x64
		{581E7C8F-3E57-4AE2-A835-2A8A76D247BC}.Release|x86.ActiveCfg = Release|Win32
		{581E7C8F-3E57-4AE2-A835-2A8A76D247BC}.Release|x86.Build.0 = Release|Win32
		{E30AA4BE-EC74-4743-95C8-B5D90202BC39}.Debug|x64.ActiveCfg = Debug|x64
		{E30AA4BE-EC74-4743-95C8-B5D90202BC39}.Debug|x64.Build.0 = Debug|x64
		{E30AA4BE-EC74-4743-95C8-B5D90202BC39}.Debug|x86.ActiveCfg = Debug|Win32
		{E30AA4BE-EC74-4743-95C8-B5D90202BC39}.Debug|x86.Build.0 = Debug|Win32
		{E30AA4BE-EC74-4743-95C8-B5D90202BC39}.Release|x64.ActiveCfg = Release|x64
		{E30AA4BE-EC74-4743-95C8-B5D90202BC39}.Release|x64.Build.0 = Release|x64
		{E30AA4BE-EC74-4743-95C8-B5D90202BC39}.Release|x86.ActiveCfg = Release|Win32
		{E30AA4BE-EC74-4743-95C8-B5D90202BC39}.Release|x86.Build.0 = Release|Win32
		{63D76040-5B48-4AE3-B7FC-B4DEBD9D0628}.Debug|x64.ActiveCfg = Debug|x64
		{63D76040-5B48-4AE3-B7FC-B4DEBD9D0628}.Debug|x64.Build.0 = Debug|x64
		{63D76040-5B48-4AE3-B7FC-B4DEBD9D0628}.Debug|x86.ActiveCfg = Debug|Win32
		{63D76040-5B48-4AE3-B7FC-B4DEBD9D0628}.Debug|x86.Build.0 = Debug|Win32
		{63D76040-5B48-4AE3-B7FC-B4DEBD9D0628}.Release|x64.ActiveCfg = Release|x64
		{63D76040-5B48-4AE3-B7FC-B4DEBD9D0628}.Release|x64.Build.0 = Release|x64
		{63D76040-5B48-4AE3-B7FC-B4DEBD9D0628}.Release|x86.ActiveCfg = Release|Win32
		{63D76040-5B48-4AE3-B7FC-B4DEBD9D0628}.Release|x86.Build.0 = Release|Win32
		{EF214679-4175-4B3C-8669-F162D6489E49}.Debug|x64.ActiveCfg = Debug|x64
		{EF214679-4175-4B3C-8669-F162D6489E49}.Debug|x64.Build.0 = Debug|x64
		{EF214679-4175-4B3C-8669-F162D6489E49}.Debug|x86.ActiveCfg = Debug|Win32
		{EF214679-4175-4B3C-8669-F162D6489E49}.Debug|x86.Build.0 = Debug|Win32
		{EF214679-4175-4B3C-8669-F162D6489E49}.Release|x64.ActiveCfg = Release|x64
		{EF214679-4175-4B3C-8669-F162D6489E49}.Release|x64.Build.0 = Release|x64
		{EF214679-4175-4B3C-8669-F162D6489E49}.Release|x86.ActiveCfg = Release|Win32
		{EF214679-4175-4B3C-8669-F162D6489E49}.Release|x86.Build.0 = Release|Win32
	EndGlobalSection
	GlobalSection(SolutionProperties) = preSolution
		HideSolutionNode = FALSE
	EndGlobalSection
	GlobalSection(ExtensibilityGlobals) = postSolution
		SolutionGuid = {4C261190-2A63-4B8B-A3C1-35C20CE118DE}
	EndGlobalSection
EndGlobal
