
Microsoft Visual Studio Solution File, Format Version 12.00
# Visual Studio Version 16
VisualStudioVersion = 16.0.30523.141
MinimumVisualStudioVersion = 10.0.40219.1
Project("{8BC9CEB8-8B4A-11D0-8D11-00A0C91BC942}") = "HW8_1", "HW8_1\HW8_1.vcxproj", "{37798F1F-4134-483F-AF6D-387DE619D67B}"
EndProject
Project("{8BC9CEB8-8B4A-11D0-8D11-00A0C91BC942}") = "HW8_2", "HW8_2\HW8_2.vcxproj", "{FD30C13E-C5E6-4C57-905A-6CD490F3FB6F}"
EndProject
Project("{8BC9CEB8-8B4A-11D0-8D11-00A0C91BC942}") = "HW8_3", "HW8_3\HW8_3.vcxproj", "{343D4F63-9C04-45D0-8A5C-D389338B8E58}"
EndProject
Project("{8BC9CEB8-8B4A-11D0-8D11-00A0C91BC942}") = "HW8_4", "HW8_4\HW8_4.vcxproj", "{AEB4F17E-4C65-418A-854B-9DCBCB3825AA}"
EndProject
Project("{8BC9CEB8-8B4A-11D0-8D11-00A0C91BC942}") = "HW8_5", "HW8_5\HW8_5.vcxproj", "{01A94423-EBC1-4514-9A73-C09F2A388456}"
EndProject
Project("{8BC9CEB8-8B4A-11D0-8D11-00A0C91BC942}") = "HW8_6", "HW8_6\HW8_6.vcxproj", "{6D082FE9-CFA9-4EBA-97D8-F6D593533D3C}"
EndProject
Project("{8BC9CEB8-8B4A-11D0-8D11-00A0C91BC942}") = "HW8_7", "HW8_7\HW8_7.vcxproj", "{853B72F5-B5FA-4376-BDF4-CCD191078697}"
EndProject
Project("{8BC9CEB8-8B4A-11D0-8D11-00A0C91BC942}") = "HW8_8", "HW8_8\HW8_8.vcxproj", "{F1F6DBA9-A6AC-45CF-8F29-4DCE5215F847}"
EndProject
Global
	GlobalSection(SolutionConfigurationPlatforms) = preSolution
		Debug|x64 = Debug|x64
		Debug|x86 = Debug|x86
		Release|x64 = Release|x64
		Release|x86 = Release|x86
	EndGlobalSection
	GlobalSection(ProjectConfigurationPlatforms) = postSolution
		{37798F1F-4134-483F-AF6D-387DE619D67B}.Debug|x64.ActiveCfg = Debug|x64
		{37798F1F-4134-483F-AF6D-387DE619D67B}.Debug|x64.Build.0 = Debug|x64
		{37798F1F-4134-483F-AF6D-387DE619D67B}.Debug|x86.ActiveCfg = Debug|Win32
		{37798F1F-4134-483F-AF6D-387DE619D67B}.Debug|x86.Build.0 = Debug|Win32
		{37798F1F-4134-483F-AF6D-387DE619D67B}.Release|x64.ActiveCfg = Release|x64
		{37798F1F-4134-483F-AF6D-387DE619D67B}.Release|x64.Build.0 = Release|x64
		{37798F1F-4134-483F-AF6D-387DE619D67B}.Release|x86.ActiveCfg = Release|Win32
		{37798F1F-4134-483F-AF6D-387DE619D67B}.Release|x86.Build.0 = Release|Win32
		{FD30C13E-C5E6-4C57-905A-6CD490F3FB6F}.Debug|x64.ActiveCfg = Debug|x64
		{FD30C13E-C5E6-4C57-905A-6CD490F3FB6F}.Debug|x64.Build.0 = Debug|x64
		{FD30C13E-C5E6-4C57-905A-6CD490F3FB6F}.Debug|x86.ActiveCfg = Debug|Win32
		{FD30C13E-C5E6-4C57-905A-6CD490F3FB6F}.Debug|x86.Build.0 = Debug|Win32
		{FD30C13E-C5E6-4C57-905A-6CD490F3FB6F}.Release|x64.ActiveCfg = Release|x64
		{FD30C13E-C5E6-4C57-905A-6CD490F3FB6F}.Release|x64.Build.0 = Release|x64
		{FD30C13E-C5E6-4C57-905A-6CD490F3FB6F}.Release|x86.ActiveCfg = Release|Win32
		{FD30C13E-C5E6-4C57-905A-6CD490F3FB6F}.Release|x86.Build.0 = Release|Win32
		{343D4F63-9C04-45D0-8A5C-D389338B8E58}.Debug|x64.ActiveCfg = Debug|x64
		{343D4F63-9C04-45D0-8A5C-D389338B8E58}.Debug|x64.Build.0 = Debug|x64
		{343D4F63-9C04-45D0-8A5C-D389338B8E58}.Debug|x86.ActiveCfg = Debug|Win32
		{343D4F63-9C04-45D0-8A5C-D389338B8E58}.Debug|x86.Build.0 = Debug|Win32
		{343D4F63-9C04-45D0-8A5C-D389338B8E58}.Release|x64.ActiveCfg = Release|x64
		{343D4F63-9C04-45D0-8A5C-D389338B8E58}.Release|x64.Build.0 = Release|x64
		{343D4F63-9C04-45D0-8A5C-D389338B8E58}.Release|x86.ActiveCfg = Release|Win32
		{343D4F63-9C04-45D0-8A5C-D389338B8E58}.Release|x86.Build.0 = Release|Win32
		{AEB4F17E-4C65-418A-854B-9DCBCB3825AA}.Debug|x64.ActiveCfg = Debug|x64
		{AEB4F17E-4C65-418A-854B-9DCBCB3825AA}.Debug|x64.Build.0 = Debug|x64
		{AEB4F17E-4C65-418A-854B-9DCBCB3825AA}.Debug|x86.ActiveCfg = Debug|Win32
		{AEB4F17E-4C65-418A-854B-9DCBCB3825AA}.Debug|x86.Build.0 = Debug|Win32
		{AEB4F17E-4C65-418A-854B-9DCBCB3825AA}.Release|x64.ActiveCfg = Release|x64
		{AEB4F17E-4C65-418A-854B-9DCBCB3825AA}.Release|x64.Build.0 = Release|x64
		{AEB4F17E-4C65-418A-854B-9DCBCB3825AA}.Release|x86.ActiveCfg = Release|Win32
		{AEB4F17E-4C65-418A-854B-9DCBCB3825AA}.Release|x86.Build.0 = Release|Win32
		{01A94423-EBC1-4514-9A73-C09F2A388456}.Debug|x64.ActiveCfg = Debug|x64
		{01A94423-EBC1-4514-9A73-C09F2A388456}.Debug|x64.Build.0 = Debug|x64
		{01A94423-EBC1-4514-9A73-C09F2A388456}.Debug|x86.ActiveCfg = Debug|Win32
		{01A94423-EBC1-4514-9A73-C09F2A388456}.Debug|x86.Build.0 = Debug|Win32
		{01A94423-EBC1-4514-9A73-C09F2A388456}.Release|x64.ActiveCfg = Release|x64
		{01A94423-EBC1-4514-9A73-C09F2A388456}.Release|x64.Build.0 = Release|x64
		{01A94423-EBC1-4514-9A73-C09F2A388456}.Release|x86.ActiveCfg = Release|Win32
		{01A94423-EBC1-4514-9A73-C09F2A388456}.Release|x86.Build.0 = Release|Win32
		{6D082FE9-CFA9-4EBA-97D8-F6D593533D3C}.Debug|x64.ActiveCfg = Debug|x64
		{6D082FE9-CFA9-4EBA-97D8-F6D593533D3C}.Debug|x64.Build.0 = Debug|x64
		{6D082FE9-CFA9-4EBA-97D8-F6D593533D3C}.Debug|x86.ActiveCfg = Debug|Win32
		{6D082FE9-CFA9-4EBA-97D8-F6D593533D3C}.Debug|x86.Build.0 = Debug|Win32
		{6D082FE9-CFA9-4EBA-97D8-F6D593533D3C}.Release|x64.ActiveCfg = Release|x64
		{6D082FE9-CFA9-4EBA-97D8-F6D593533D3C}.Release|x64.Build.0 = Release|x64
		{6D082FE9-CFA9-4EBA-97D8-F6D593533D3C}.Release|x86.ActiveCfg = Release|Win32
		{6D082FE9-CFA9-4EBA-97D8-F6D593533D3C}.Release|x86.Build.0 = Release|Win32
		{853B72F5-B5FA-4376-BDF4-CCD191078697}.Debug|x64.ActiveCfg = Debug|x64
		{853B72F5-B5FA-4376-BDF4-CCD191078697}.Debug|x64.Build.0 = Debug|x64
		{853B72F5-B5FA-4376-BDF4-CCD191078697}.Debug|x86.ActiveCfg = Debug|Win32
		{853B72F5-B5FA-4376-BDF4-CCD191078697}.Debug|x86.Build.0 = Debug|Win32
		{853B72F5-B5FA-4376-BDF4-CCD191078697}.Release|x64.ActiveCfg = Release|x64
		{853B72F5-B5FA-4376-BDF4-CCD191078697}.Release|x64.Build.0 = Release|x64
		{853B72F5-B5FA-4376-BDF4-CCD191078697}.Release|x86.ActiveCfg = Release|Win32
		{853B72F5-B5FA-4376-BDF4-CCD191078697}.Release|x86.Build.0 = Release|Win32
		{F1F6DBA9-A6AC-45CF-8F29-4DCE5215F847}.Debug|x64.ActiveCfg = Debug|x64
		{F1F6DBA9-A6AC-45CF-8F29-4DCE5215F847}.Debug|x64.Build.0 = Debug|x64
		{F1F6DBA9-A6AC-45CF-8F29-4DCE5215F847}.Debug|x86.ActiveCfg = Debug|Win32
		{F1F6DBA9-A6AC-45CF-8F29-4DCE5215F847}.Debug|x86.Build.0 = Debug|Win32
		{F1F6DBA9-A6AC-45CF-8F29-4DCE5215F847}.Release|x64.ActiveCfg = Release|x64
		{F1F6DBA9-A6AC-45CF-8F29-4DCE5215F847}.Release|x64.Build.0 = Release|x64
		{F1F6DBA9-A6AC-45CF-8F29-4DCE5215F847}.Release|x86.ActiveCfg = Release|Win32
		{F1F6DBA9-A6AC-45CF-8F29-4DCE5215F847}.Release|x86.Build.0 = Release|Win32
	EndGlobalSection
	GlobalSection(SolutionProperties) = preSolution
		HideSolutionNode = FALSE
	EndGlobalSection
	GlobalSection(ExtensibilityGlobals) = postSolution
		SolutionGuid = {CF550162-9DAD-4FFE-98FC-D7499822804D}
	EndGlobalSection
EndGlobal
