
Microsoft Visual Studio Solution File, Format Version 12.00
# Visual Studio Version 16
VisualStudioVersion = 16.0.30523.141
MinimumVisualStudioVersion = 10.0.40219.1
Project("{8BC9CEB8-8B4A-11D0-8D11-00A0C91BC942}") = "LAB11_1", "LAB11_1\LAB11_1.vcxproj", "{1F216971-A1F4-414B-A4FF-C3277B60C5DE}"
EndProject
Project("{8BC9CEB8-8B4A-11D0-8D11-00A0C91BC942}") = "LAB11_2", "LAB11_2\LAB11_2.vcxproj", "{01B3AAFE-869B-409D-878A-F21FC3316432}"
EndProject
Project("{8BC9CEB8-8B4A-11D0-8D11-00A0C91BC942}") = "LAB11_3", "LAB11_3\LAB11_3.vcxproj", "{46F07245-4788-49CA-87DF-1C7A036CFB81}"
EndProject
Project("{8BC9CEB8-8B4A-11D0-8D11-00A0C91BC942}") = "HW11_1", "HW11_1\HW11_1.vcxproj", "{CAF2EDF0-31A3-42C1-ADEE-1044B91234CF}"
EndProject
Project("{8BC9CEB8-8B4A-11D0-8D11-00A0C91BC942}") = "HW11_2", "HW11_2\HW11_2.vcxproj", "{F9992F03-5EA5-4853-814F-01209C26806A}"
EndProject
Project("{8BC9CEB8-8B4A-11D0-8D11-00A0C91BC942}") = "HW11_3", "HW11_3\HW11_3.vcxproj", "{7FF7DDD5-27E5-42A6-AB78-2969622C1EDB}"
EndProject
Project("{8BC9CEB8-8B4A-11D0-8D11-00A0C91BC942}") = "HW11_4", "HW11_4\HW11_4.vcxproj", "{157A9826-A3FC-4440-9833-B917BCAB3696}"
EndProject
Project("{8BC9CEB8-8B4A-11D0-8D11-00A0C91BC942}") = "HW", "HW\HW.vcxproj", "{18F6846A-E641-4E9B-83E8-C32C69DDFDAD}"
EndProject
Global
	GlobalSection(SolutionConfigurationPlatforms) = preSolution
		Debug|x64 = Debug|x64
		Debug|x86 = Debug|x86
		Release|x64 = Release|x64
		Release|x86 = Release|x86
	EndGlobalSection
	GlobalSection(ProjectConfigurationPlatforms) = postSolution
		{1F216971-A1F4-414B-A4FF-C3277B60C5DE}.Debug|x64.ActiveCfg = Debug|x64
		{1F216971-A1F4-414B-A4FF-C3277B60C5DE}.Debug|x64.Build.0 = Debug|x64
		{1F216971-A1F4-414B-A4FF-C3277B60C5DE}.Debug|x86.ActiveCfg = Debug|Win32
		{1F216971-A1F4-414B-A4FF-C3277B60C5DE}.Debug|x86.Build.0 = Debug|Win32
		{1F216971-A1F4-414B-A4FF-C3277B60C5DE}.Release|x64.ActiveCfg = Release|x64
		{1F216971-A1F4-414B-A4FF-C3277B60C5DE}.Release|x64.Build.0 = Release|x64
		{1F216971-A1F4-414B-A4FF-C3277B60C5DE}.Release|x86.ActiveCfg = Release|Win32
		{1F216971-A1F4-414B-A4FF-C3277B60C5DE}.Release|x86.Build.0 = Release|Win32
		{01B3AAFE-869B-409D-878A-F21FC3316432}.Debug|x64.ActiveCfg = Debug|x64
		{01B3AAFE-869B-409D-878A-F21FC3316432}.Debug|x64.Build.0 = Debug|x64
		{01B3AAFE-869B-409D-878A-F21FC3316432}.Debug|x86.ActiveCfg = Debug|Win32
		{01B3AAFE-869B-409D-878A-F21FC3316432}.Debug|x86.Build.0 = Debug|Win32
		{01B3AAFE-869B-409D-878A-F21FC3316432}.Release|x64.ActiveCfg = Release|x64
		{01B3AAFE-869B-409D-878A-F21FC3316432}.Release|x64.Build.0 = Release|x64
		{01B3AAFE-869B-409D-878A-F21FC3316432}.Release|x86.ActiveCfg = Release|Win32
		{01B3AAFE-869B-409D-878A-F21FC3316432}.Release|x86.Build.0 = Release|Win32
		{46F07245-4788-49CA-87DF-1C7A036CFB81}.Debug|x64.ActiveCfg = Debug|x64
		{46F07245-4788-49CA-87DF-1C7A036CFB81}.Debug|x64.Build.0 = Debug|x64
		{46F07245-4788-49CA-87DF-1C7A036CFB81}.Debug|x86.ActiveCfg = Debug|Win32
		{46F07245-4788-49CA-87DF-1C7A036CFB81}.Debug|x86.Build.0 = Debug|Win32
		{46F07245-4788-49CA-87DF-1C7A036CFB81}.Release|x64.ActiveCfg = Release|x64
		{46F07245-4788-49CA-87DF-1C7A036CFB81}.Release|x64.Build.0 = Release|x64
		{46F07245-4788-49CA-87DF-1C7A036CFB81}.Release|x86.ActiveCfg = Release|Win32
		{46F07245-4788-49CA-87DF-1C7A036CFB81}.Release|x86.Build.0 = Release|Win32
		{CAF2EDF0-31A3-42C1-ADEE-1044B91234CF}.Debug|x64.ActiveCfg = Debug|x64
		{CAF2EDF0-31A3-42C1-ADEE-1044B91234CF}.Debug|x64.Build.0 = Debug|x64
		{CAF2EDF0-31A3-42C1-ADEE-1044B91234CF}.Debug|x86.ActiveCfg = Debug|Win32
		{CAF2EDF0-31A3-42C1-ADEE-1044B91234CF}.Debug|x86.Build.0 = Debug|Win32
		{CAF2EDF0-31A3-42C1-ADEE-1044B91234CF}.Release|x64.ActiveCfg = Release|x64
		{CAF2EDF0-31A3-42C1-ADEE-1044B91234CF}.Release|x64.Build.0 = Release|x64
		{CAF2EDF0-31A3-42C1-ADEE-1044B91234CF}.Release|x86.ActiveCfg = Release|Win32
		{CAF2EDF0-31A3-42C1-ADEE-1044B91234CF}.Release|x86.Build.0 = Release|Win32
		{F9992F03-5EA5-4853-814F-01209C26806A}.Debug|x64.ActiveCfg = Debug|x64
		{F9992F03-5EA5-4853-814F-01209C26806A}.Debug|x64.Build.0 = Debug|x64
		{F9992F03-5EA5-4853-814F-01209C26806A}.Debug|x86.ActiveCfg = Debug|Win32
		{F9992F03-5EA5-4853-814F-01209C26806A}.Debug|x86.Build.0 = Debug|Win32
		{F9992F03-5EA5-4853-814F-01209C26806A}.Release|x64.ActiveCfg = Release|x64
		{F9992F03-5EA5-4853-814F-01209C26806A}.Release|x64.Build.0 = Release|x64
		{F9992F03-5EA5-4853-814F-01209C26806A}.Release|x86.ActiveCfg = Release|Win32
		{F9992F03-5EA5-4853-814F-01209C26806A}.Release|x86.Build.0 = Release|Win32
		{7FF7DDD5-27E5-42A6-AB78-2969622C1EDB}.Debug|x64.ActiveCfg = Debug|x64
		{7FF7DDD5-27E5-42A6-AB78-2969622C1EDB}.Debug|x64.Build.0 = Debug|x64
		{7FF7DDD5-27E5-42A6-AB78-2969622C1EDB}.Debug|x86.ActiveCfg = Debug|Win32
		{7FF7DDD5-27E5-42A6-AB78-2969622C1EDB}.Debug|x86.Build.0 = Debug|Win32
		{7FF7DDD5-27E5-42A6-AB78-2969622C1EDB}.Release|x64.ActiveCfg = Release|x64
		{7FF7DDD5-27E5-42A6-AB78-2969622C1EDB}.Release|x64.Build.0 = Release|x64
		{7FF7DDD5-27E5-42A6-AB78-2969622C1EDB}.Release|x86.ActiveCfg = Release|Win32
		{7FF7DDD5-27E5-42A6-AB78-2969622C1EDB}.Release|x86.Build.0 = Release|Win32
		{157A9826-A3FC-4440-9833-B917BCAB3696}.Debug|x64.ActiveCfg = Debug|x64
		{157A9826-A3FC-4440-9833-B917BCAB3696}.Debug|x64.Build.0 = Debug|x64
		{157A9826-A3FC-4440-9833-B917BCAB3696}.Debug|x86.ActiveCfg = Debug|Win32
		{157A9826-A3FC-4440-9833-B917BCAB3696}.Debug|x86.Build.0 = Debug|Win32
		{157A9826-A3FC-4440-9833-B917BCAB3696}.Release|x64.ActiveCfg = Release|x64
		{157A9826-A3FC-4440-9833-B917BCAB3696}.Release|x64.Build.0 = Release|x64
		{157A9826-A3FC-4440-9833-B917BCAB3696}.Release|x86.ActiveCfg = Release|Win32
		{157A9826-A3FC-4440-9833-B917BCAB3696}.Release|x86.Build.0 = Release|Win32
		{18F6846A-E641-4E9B-83E8-C32C69DDFDAD}.Debug|x64.ActiveCfg = Debug|x64
		{18F6846A-E641-4E9B-83E8-C32C69DDFDAD}.Debug|x64.Build.0 = Debug|x64
		{18F6846A-E641-4E9B-83E8-C32C69DDFDAD}.Debug|x86.ActiveCfg = Debug|Win32
		{18F6846A-E641-4E9B-83E8-C32C69DDFDAD}.Debug|x86.Build.0 = Debug|Win32
		{18F6846A-E641-4E9B-83E8-C32C69DDFDAD}.Release|x64.ActiveCfg = Release|x64
		{18F6846A-E641-4E9B-83E8-C32C69DDFDAD}.Release|x64.Build.0 = Release|x64
		{18F6846A-E641-4E9B-83E8-C32C69DDFDAD}.Release|x86.ActiveCfg = Release|Win32
		{18F6846A-E641-4E9B-83E8-C32C69DDFDAD}.Release|x86.Build.0 = Release|Win32
	EndGlobalSection
	GlobalSection(SolutionProperties) = preSolution
		HideSolutionNode = FALSE
	EndGlobalSection
	GlobalSection(ExtensibilityGlobals) = postSolution
		SolutionGuid = {E288B5C1-7092-42E8-A6F9-8337108F664F}
	EndGlobalSection
EndGlobal
