
Microsoft Visual Studio Solution File, Format Version 12.00
# Visual Studio Version 16
VisualStudioVersion = 16.0.30523.141
MinimumVisualStudioVersion = 10.0.40219.1
Project("{8BC9CEB8-8B4A-11D0-8D11-00A0C91BC942}") = "LAB13_1", "LAB13_1\LAB13_1.vcxproj", "{AC359670-12F0-48B1-8F55-5B35D9ACADB7}"
EndProject
Project("{8BC9CEB8-8B4A-11D0-8D11-00A0C91BC942}") = "LAB13_2", "LAB13_2\LAB13_2.vcxproj", "{855922CD-A22A-4202-873E-A04A44BF657C}"
EndProject
Project("{8BC9CEB8-8B4A-11D0-8D11-00A0C91BC942}") = "LAB13_3", "LAB13_3\LAB13_3.vcxproj", "{7CA51CA7-9F12-4A5E-96CF-034968A594FC}"
EndProject
Project("{8BC9CEB8-8B4A-11D0-8D11-00A0C91BC942}") = "LAB13_5", "LAB13_5\LAB13_5.vcxproj", "{E6566387-EE8E-45CA-9D74-2FC3AEB9C850}"
EndProject
Project("{8BC9CEB8-8B4A-11D0-8D11-00A0C91BC942}") = "LAB13B_a", "LAB13B_a\LAB13B_a.vcxproj", "{EBA5568A-7954-45A3-A614-CCA7C66F2A57}"
EndProject
Project("{8BC9CEB8-8B4A-11D0-8D11-00A0C91BC942}") = "LAB13B_1_1", "LAB13B_1_1\LAB13B_1_1.vcxproj", "{5DD215AD-FD0C-4B97-AA4D-DCE3CBC59018}"
EndProject
Project("{8BC9CEB8-8B4A-11D0-8D11-00A0C91BC942}") = "LAB13B_1_2", "LAB13B_1_2\LAB13B_1_2.vcxproj", "{2B31EE2F-A53E-464A-85EF-9909A903FC40}"
EndProject
Project("{8BC9CEB8-8B4A-11D0-8D11-00A0C91BC942}") = "LAB13B_2", "LAB13B_2\LAB13B_2.vcxproj", "{E57E2E22-73B3-4796-A1E5-154F9187ACFA}"
EndProject
Project("{8BC9CEB8-8B4A-11D0-8D11-00A0C91BC942}") = "HW13B_1", "HW13B_1\HW13B_1.vcxproj", "{C84B9835-82D0-43D0-9E5C-E78B928A2705}"
EndProject
Project("{8BC9CEB8-8B4A-11D0-8D11-00A0C91BC942}") = "HW13B_2", "HW13B_2\HW13B_2.vcxproj", "{6809ED05-3CD8-4B43-B419-CC7D2DE98F06}"
EndProject
Project("{8BC9CEB8-8B4A-11D0-8D11-00A0C91BC942}") = "HW13B_3", "HW13B_3\HW13B_3.vcxproj", "{4747AFDB-62AD-4047-8B64-25CED54CC042}"
EndProject
Project("{8BC9CEB8-8B4A-11D0-8D11-00A0C91BC942}") = "challenge13a", "challenge13a\challenge13a.vcxproj", "{1D43DC27-2ECA-4F77-9484-C57FD7F4931E}"
EndProject
Project("{8BC9CEB8-8B4A-11D0-8D11-00A0C91BC942}") = "challenge13b", "challenge13b\challenge13b.vcxproj", "{A03778DC-0ECB-4C46-B8A1-38332CE7ECD9}"
EndProject
Project("{8BC9CEB8-8B4A-11D0-8D11-00A0C91BC942}") = "challenge13c", "challenge13c\challenge13c.vcxproj", "{5BB6D0DD-5145-42D3-A77F-B27F994E42F4}"
EndProject
Project("{8BC9CEB8-8B4A-11D0-8D11-00A0C91BC942}") = "challenge13d", "challenge13d\challenge13d.vcxproj", "{2C37A8CB-5751-48B9-A041-0DE5F49BF8F8}"
EndProject
Project("{8BC9CEB8-8B4A-11D0-8D11-00A0C91BC942}") = "LAB13_1F", "LAB13_1F\LAB13_1F.vcxproj", "{4720AE37-097C-4676-9C9D-D32F9F71CE2E}"
EndProject
Project("{8BC9CEB8-8B4A-11D0-8D11-00A0C91BC942}") = "LAB13_1F응용", "LAB13_1F응용\LAB13_1F응용.vcxproj", "{195506C7-579E-4112-84F1-6833E531CB71}"
EndProject
Project("{8BC9CEB8-8B4A-11D0-8D11-00A0C91BC942}") = "LAB13_2F", "LAB13_2F\LAB13_2F.vcxproj", "{E5B3F2E5-EA5B-4094-84F7-B1E9A4320FAF}"
EndProject
Project("{8BC9CEB8-8B4A-11D0-8D11-00A0C91BC942}") = "LAB13_4F", "LAB13_4F\LAB13_4F.vcxproj", "{F6980B42-9A11-46B3-8DA6-7CFDD46480C7}"
EndProject
Project("{8BC9CEB8-8B4A-11D0-8D11-00A0C91BC942}") = "LAB13_5F", "LAB13_5F\LAB13_5F.vcxproj", "{8CB20E9F-E8B0-4FC8-A7E4-BF0EF7C895C8}"
EndProject
Global
	GlobalSection(SolutionConfigurationPlatforms) = preSolution
		Debug|x64 = Debug|x64
		Debug|x86 = Debug|x86
		Release|x64 = Release|x64
		Release|x86 = Release|x86
	EndGlobalSection
	GlobalSection(ProjectConfigurationPlatforms) = postSolution
		{AC359670-12F0-48B1-8F55-5B35D9ACADB7}.Debug|x64.ActiveCfg = Debug|x64
		{AC359670-12F0-48B1-8F55-5B35D9ACADB7}.Debug|x64.Build.0 = Debug|x64
		{AC359670-12F0-48B1-8F55-5B35D9ACADB7}.Debug|x86.ActiveCfg = Debug|Win32
		{AC359670-12F0-48B1-8F55-5B35D9ACADB7}.Debug|x86.Build.0 = Debug|Win32
		{AC359670-12F0-48B1-8F55-5B35D9ACADB7}.Release|x64.ActiveCfg = Release|x64
		{AC359670-12F0-48B1-8F55-5B35D9ACADB7}.Release|x64.Build.0 = Release|x64
		{AC359670-12F0-48B1-8F55-5B35D9ACADB7}.Release|x86.ActiveCfg = Release|Win32
		{AC359670-12F0-48B1-8F55-5B35D9ACADB7}.Release|x86.Build.0 = Release|Win32
		{855922CD-A22A-4202-873E-A04A44BF657C}.Debug|x64.ActiveCfg = Debug|x64
		{855922CD-A22A-4202-873E-A04A44BF657C}.Debug|x64.Build.0 = Debug|x64
		{855922CD-A22A-4202-873E-A04A44BF657C}.Debug|x86.ActiveCfg = Debug|Win32
		{855922CD-A22A-4202-873E-A04A44BF657C}.Debug|x86.Build.0 = Debug|Win32
		{855922CD-A22A-4202-873E-A04A44BF657C}.Release|x64.ActiveCfg = Release|x64
		{855922CD-A22A-4202-873E-A04A44BF657C}.Release|x64.Build.0 = Release|x64
		{855922CD-A22A-4202-873E-A04A44BF657C}.Release|x86.ActiveCfg = Release|Win32
		{855922CD-A22A-4202-873E-A04A44BF657C}.Release|x86.Build.0 = Release|Win32
		{7CA51CA7-9F12-4A5E-96CF-034968A594FC}.Debug|x64.ActiveCfg = Debug|x64
		{7CA51CA7-9F12-4A5E-96CF-034968A594FC}.Debug|x64.Build.0 = Debug|x64
		{7CA51CA7-9F12-4A5E-96CF-034968A594FC}.Debug|x86.ActiveCfg = Debug|Win32
		{7CA51CA7-9F12-4A5E-96CF-034968A594FC}.Debug|x86.Build.0 = Debug|Win32
		{7CA51CA7-9F12-4A5E-96CF-034968A594FC}.Release|x64.ActiveCfg = Release|x64
		{7CA51CA7-9F12-4A5E-96CF-034968A594FC}.Release|x64.Build.0 = Release|x64
		{7CA51CA7-9F12-4A5E-96CF-034968A594FC}.Release|x86.ActiveCfg = Release|Win32
		{7CA51CA7-9F12-4A5E-96CF-034968A594FC}.Release|x86.Build.0 = Release|Win32
		{E6566387-EE8E-45CA-9D74-2FC3AEB9C850}.Debug|x64.ActiveCfg = Debug|x64
		{E6566387-EE8E-45CA-9D74-2FC3AEB9C850}.Debug|x64.Build.0 = Debug|x64
		{E6566387-EE8E-45CA-9D74-2FC3AEB9C850}.Debug|x86.ActiveCfg = Debug|Win32
		{E6566387-EE8E-45CA-9D74-2FC3AEB9C850}.Debug|x86.Build.0 = Debug|Win32
		{E6566387-EE8E-45CA-9D74-2FC3AEB9C850}.Release|x64.ActiveCfg = Release|x64
		{E6566387-EE8E-45CA-9D74-2FC3AEB9C850}.Release|x64.Build.0 = Release|x64
		{E6566387-EE8E-45CA-9D74-2FC3AEB9C850}.Release|x86.ActiveCfg = Release|Win32
		{E6566387-EE8E-45CA-9D74-2FC3AEB9C850}.Release|x86.Build.0 = Release|Win32
		{EBA5568A-7954-45A3-A614-CCA7C66F2A57}.Debug|x64.ActiveCfg = Debug|x64
		{EBA5568A-7954-45A3-A614-CCA7C66F2A57}.Debug|x64.Build.0 = Debug|x64
		{EBA5568A-7954-45A3-A614-CCA7C66F2A57}.Debug|x86.ActiveCfg = Debug|Win32
		{EBA5568A-7954-45A3-A614-CCA7C66F2A57}.Debug|x86.Build.0 = Debug|Win32
		{EBA5568A-7954-45A3-A614-CCA7C66F2A57}.Release|x64.ActiveCfg = Release|x64
		{EBA5568A-7954-45A3-A614-CCA7C66F2A57}.Release|x64.Build.0 = Release|x64
		{EBA5568A-7954-45A3-A614-CCA7C66F2A57}.Release|x86.ActiveCfg = Release|Win32
		{EBA5568A-7954-45A3-A614-CCA7C66F2A57}.Release|x86.Build.0 = Release|Win32
		{5DD215AD-FD0C-4B97-AA4D-DCE3CBC59018}.Debug|x64.ActiveCfg = Debug|x64
		{5DD215AD-FD0C-4B97-AA4D-DCE3CBC59018}.Debug|x64.Build.0 = Debug|x64
		{5DD215AD-FD0C-4B97-AA4D-DCE3CBC59018}.Debug|x86.ActiveCfg = Debug|Win32
		{5DD215AD-FD0C-4B97-AA4D-DCE3CBC59018}.Debug|x86.Build.0 = Debug|Win32
		{5DD215AD-FD0C-4B97-AA4D-DCE3CBC59018}.Release|x64.ActiveCfg = Release|x64
		{5DD215AD-FD0C-4B97-AA4D-DCE3CBC59018}.Release|x64.Build.0 = Release|x64
		{5DD215AD-FD0C-4B97-AA4D-DCE3CBC59018}.Release|x86.ActiveCfg = Release|Win32
		{5DD215AD-FD0C-4B97-AA4D-DCE3CBC59018}.Release|x86.Build.0 = Release|Win32
		{2B31EE2F-A53E-464A-85EF-9909A903FC40}.Debug|x64.ActiveCfg = Debug|x64
		{2B31EE2F-A53E-464A-85EF-9909A903FC40}.Debug|x64.Build.0 = Debug|x64
		{2B31EE2F-A53E-464A-85EF-9909A903FC40}.Debug|x86.ActiveCfg = Debug|Win32
		{2B31EE2F-A53E-464A-85EF-9909A903FC40}.Debug|x86.Build.0 = Debug|Win32
		{2B31EE2F-A53E-464A-85EF-9909A903FC40}.Release|x64.ActiveCfg = Release|x64
		{2B31EE2F-A53E-464A-85EF-9909A903FC40}.Release|x64.Build.0 = Release|x64
		{2B31EE2F-A53E-464A-85EF-9909A903FC40}.Release|x86.ActiveCfg = Release|Win32
		{2B31EE2F-A53E-464A-85EF-9909A903FC40}.Release|x86.Build.0 = Release|Win32
		{E57E2E22-73B3-4796-A1E5-154F9187ACFA}.Debug|x64.ActiveCfg = Debug|x64
		{E57E2E22-73B3-4796-A1E5-154F9187ACFA}.Debug|x64.Build.0 = Debug|x64
		{E57E2E22-73B3-4796-A1E5-154F9187ACFA}.Debug|x86.ActiveCfg = Debug|Win32
		{E57E2E22-73B3-4796-A1E5-154F9187ACFA}.Debug|x86.Build.0 = Debug|Win32
		{E57E2E22-73B3-4796-A1E5-154F9187ACFA}.Release|x64.ActiveCfg = Release|x64
		{E57E2E22-73B3-4796-A1E5-154F9187ACFA}.Release|x64.Build.0 = Release|x64
		{E57E2E22-73B3-4796-A1E5-154F9187ACFA}.Release|x86.ActiveCfg = Release|Win32
		{E57E2E22-73B3-4796-A1E5-154F9187ACFA}.Release|x86.Build.0 = Release|Win32
		{C84B9835-82D0-43D0-9E5C-E78B928A2705}.Debug|x64.ActiveCfg = Debug|x64
		{C84B9835-82D0-43D0-9E5C-E78B928A2705}.Debug|x64.Build.0 = Debug|x64
		{C84B9835-82D0-43D0-9E5C-E78B928A2705}.Debug|x86.ActiveCfg = Debug|Win32
		{C84B9835-82D0-43D0-9E5C-E78B928A2705}.Debug|x86.Build.0 = Debug|Win32
		{C84B9835-82D0-43D0-9E5C-E78B928A2705}.Release|x64.ActiveCfg = Release|x64
		{C84B9835-82D0-43D0-9E5C-E78B928A2705}.Release|x64.Build.0 = Release|x64
		{C84B9835-82D0-43D0-9E5C-E78B928A2705}.Release|x86.ActiveCfg = Release|Win32
		{C84B9835-82D0-43D0-9E5C-E78B928A2705}.Release|x86.Build.0 = Release|Win32
		{6809ED05-3CD8-4B43-B419-CC7D2DE98F06}.Debug|x64.ActiveCfg = Debug|x64
		{6809ED05-3CD8-4B43-B419-CC7D2DE98F06}.Debug|x64.Build.0 = Debug|x64
		{6809ED05-3CD8-4B43-B419-CC7D2DE98F06}.Debug|x86.ActiveCfg = Debug|Win32
		{6809ED05-3CD8-4B43-B419-CC7D2DE98F06}.Debug|x86.Build.0 = Debug|Win32
		{6809ED05-3CD8-4B43-B419-CC7D2DE98F06}.Release|x64.ActiveCfg = Release|x64
		{6809ED05-3CD8-4B43-B419-CC7D2DE98F06}.Release|x64.Build.0 = Release|x64
		{6809ED05-3CD8-4B43-B419-CC7D2DE98F06}.Release|x86.ActiveCfg = Release|Win32
		{6809ED05-3CD8-4B43-B419-CC7D2DE98F06}.Release|x86.Build.0 = Release|Win32
		{4747AFDB-62AD-4047-8B64-25CED54CC042}.Debug|x64.ActiveCfg = Debug|x64
		{4747AFDB-62AD-4047-8B64-25CED54CC042}.Debug|x64.Build.0 = Debug|x64
		{4747AFDB-62AD-4047-8B64-25CED54CC042}.Debug|x86.ActiveCfg = Debug|Win32
		{4747AFDB-62AD-4047-8B64-25CED54CC042}.Debug|x86.Build.0 = Debug|Win32
		{4747AFDB-62AD-4047-8B64-25CED54CC042}.Release|x64.ActiveCfg = Release|x64
		{4747AFDB-62AD-4047-8B64-25CED54CC042}.Release|x64.Build.0 = Release|x64
		{4747AFDB-62AD-4047-8B64-25CED54CC042}.Release|x86.ActiveCfg = Release|Win32
		{4747AFDB-62AD-4047-8B64-25CED54CC042}.Release|x86.Build.0 = Release|Win32
		{1D43DC27-2ECA-4F77-9484-C57FD7F4931E}.Debug|x64.ActiveCfg = Debug|x64
		{1D43DC27-2ECA-4F77-9484-C57FD7F4931E}.Debug|x64.Build.0 = Debug|x64
		{1D43DC27-2ECA-4F77-9484-C57FD7F4931E}.Debug|x86.ActiveCfg = Debug|Win32
		{1D43DC27-2ECA-4F77-9484-C57FD7F4931E}.Debug|x86.Build.0 = Debug|Win32
		{1D43DC27-2ECA-4F77-9484-C57FD7F4931E}.Release|x64.ActiveCfg = Release|x64
		{1D43DC27-2ECA-4F77-9484-C57FD7F4931E}.Release|x64.Build.0 = Release|x64
		{1D43DC27-2ECA-4F77-9484-C57FD7F4931E}.Release|x86.ActiveCfg = Release|Win32
		{1D43DC27-2ECA-4F77-9484-C57FD7F4931E}.Release|x86.Build.0 = Release|Win32
		{A03778DC-0ECB-4C46-B8A1-38332CE7ECD9}.Debug|x64.ActiveCfg = Debug|x64
		{A03778DC-0ECB-4C46-B8A1-38332CE7ECD9}.Debug|x64.Build.0 = Debug|x64
		{A03778DC-0ECB-4C46-B8A1-38332CE7ECD9}.Debug|x86.ActiveCfg = Debug|Win32
		{A03778DC-0ECB-4C46-B8A1-38332CE7ECD9}.Debug|x86.Build.0 = Debug|Win32
		{A03778DC-0ECB-4C46-B8A1-38332CE7ECD9}.Release|x64.ActiveCfg = Release|x64
		{A03778DC-0ECB-4C46-B8A1-38332CE7ECD9}.Release|x64.Build.0 = Release|x64
		{A03778DC-0ECB-4C46-B8A1-38332CE7ECD9}.Release|x86.ActiveCfg = Release|Win32
		{A03778DC-0ECB-4C46-B8A1-38332CE7ECD9}.Release|x86.Build.0 = Release|Win32
		{5BB6D0DD-5145-42D3-A77F-B27F994E42F4}.Debug|x64.ActiveCfg = Debug|x64
		{5BB6D0DD-5145-42D3-A77F-B27F994E42F4}.Debug|x64.Build.0 = Debug|x64
		{5BB6D0DD-5145-42D3-A77F-B27F994E42F4}.Debug|x86.ActiveCfg = Debug|Win32
		{5BB6D0DD-5145-42D3-A77F-B27F994E42F4}.Debug|x86.Build.0 = Debug|Win32
		{5BB6D0DD-5145-42D3-A77F-B27F994E42F4}.Release|x64.ActiveCfg = Release|x64
		{5BB6D0DD-5145-42D3-A77F-B27F994E42F4}.Release|x64.Build.0 = Release|x64
		{5BB6D0DD-5145-42D3-A77F-B27F994E42F4}.Release|x86.ActiveCfg = Release|Win32
		{5BB6D0DD-5145-42D3-A77F-B27F994E42F4}.Release|x86.Build.0 = Release|Win32
		{2C37A8CB-5751-48B9-A041-0DE5F49BF8F8}.Debug|x64.ActiveCfg = Debug|x64
		{2C37A8CB-5751-48B9-A041-0DE5F49BF8F8}.Debug|x64.Build.0 = Debug|x64
		{2C37A8CB-5751-48B9-A041-0DE5F49BF8F8}.Debug|x86.ActiveCfg = Debug|Win32
		{2C37A8CB-5751-48B9-A041-0DE5F49BF8F8}.Debug|x86.Build.0 = Debug|Win32
		{2C37A8CB-5751-48B9-A041-0DE5F49BF8F8}.Release|x64.ActiveCfg = Release|x64
		{2C37A8CB-5751-48B9-A041-0DE5F49BF8F8}.Release|x64.Build.0 = Release|x64
		{2C37A8CB-5751-48B9-A041-0DE5F49BF8F8}.Release|x86.ActiveCfg = Release|Win32
		{2C37A8CB-5751-48B9-A041-0DE5F49BF8F8}.Release|x86.Build.0 = Release|Win32
		{4720AE37-097C-4676-9C9D-D32F9F71CE2E}.Debug|x64.ActiveCfg = Debug|x64
		{4720AE37-097C-4676-9C9D-D32F9F71CE2E}.Debug|x64.Build.0 = Debug|x64
		{4720AE37-097C-4676-9C9D-D32F9F71CE2E}.Debug|x86.ActiveCfg = Debug|Win32
		{4720AE37-097C-4676-9C9D-D32F9F71CE2E}.Debug|x86.Build.0 = Debug|Win32
		{4720AE37-097C-4676-9C9D-D32F9F71CE2E}.Release|x64.ActiveCfg = Release|x64
		{4720AE37-097C-4676-9C9D-D32F9F71CE2E}.Release|x64.Build.0 = Release|x64
		{4720AE37-097C-4676-9C9D-D32F9F71CE2E}.Release|x86.ActiveCfg = Release|Win32
		{4720AE37-097C-4676-9C9D-D32F9F71CE2E}.Release|x86.Build.0 = Release|Win32
		{195506C7-579E-4112-84F1-6833E531CB71}.Debug|x64.ActiveCfg = Debug|x64
		{195506C7-579E-4112-84F1-6833E531CB71}.Debug|x64.Build.0 = Debug|x64
		{195506C7-579E-4112-84F1-6833E531CB71}.Debug|x86.ActiveCfg = Debug|Win32
		{195506C7-579E-4112-84F1-6833E531CB71}.Debug|x86.Build.0 = Debug|Win32
		{195506C7-579E-4112-84F1-6833E531CB71}.Release|x64.ActiveCfg = Release|x64
		{195506C7-579E-4112-84F1-6833E531CB71}.Release|x64.Build.0 = Release|x64
		{195506C7-579E-4112-84F1-6833E531CB71}.Release|x86.ActiveCfg = Release|Win32
		{195506C7-579E-4112-84F1-6833E531CB71}.Release|x86.Build.0 = Release|Win32
		{E5B3F2E5-EA5B-4094-84F7-B1E9A4320FAF}.Debug|x64.ActiveCfg = Debug|x64
		{E5B3F2E5-EA5B-4094-84F7-B1E9A4320FAF}.Debug|x64.Build.0 = Debug|x64
		{E5B3F2E5-EA5B-4094-84F7-B1E9A4320FAF}.Debug|x86.ActiveCfg = Debug|Win32
		{E5B3F2E5-EA5B-4094-84F7-B1E9A4320FAF}.Debug|x86.Build.0 = Debug|Win32
		{E5B3F2E5-EA5B-4094-84F7-B1E9A4320FAF}.Release|x64.ActiveCfg = Release|x64
		{E5B3F2E5-EA5B-4094-84F7-B1E9A4320FAF}.Release|x64.Build.0 = Release|x64
		{E5B3F2E5-EA5B-4094-84F7-B1E9A4320FAF}.Release|x86.ActiveCfg = Release|Win32
		{E5B3F2E5-EA5B-4094-84F7-B1E9A4320FAF}.Release|x86.Build.0 = Release|Win32
		{F6980B42-9A11-46B3-8DA6-7CFDD46480C7}.Debug|x64.ActiveCfg = Debug|x64
		{F6980B42-9A11-46B3-8DA6-7CFDD46480C7}.Debug|x64.Build.0 = Debug|x64
		{F6980B42-9A11-46B3-8DA6-7CFDD46480C7}.Debug|x86.ActiveCfg = Debug|Win32
		{F6980B42-9A11-46B3-8DA6-7CFDD46480C7}.Debug|x86.Build.0 = Debug|Win32
		{F6980B42-9A11-46B3-8DA6-7CFDD46480C7}.Release|x64.ActiveCfg = Release|x64
		{F6980B42-9A11-46B3-8DA6-7CFDD46480C7}.Release|x64.Build.0 = Release|x64
		{F6980B42-9A11-46B3-8DA6-7CFDD46480C7}.Release|x86.ActiveCfg = Release|Win32
		{F6980B42-9A11-46B3-8DA6-7CFDD46480C7}.Release|x86.Build.0 = Release|Win32
		{8CB20E9F-E8B0-4FC8-A7E4-BF0EF7C895C8}.Debug|x64.ActiveCfg = Debug|x64
		{8CB20E9F-E8B0-4FC8-A7E4-BF0EF7C895C8}.Debug|x64.Build.0 = Debug|x64
		{8CB20E9F-E8B0-4FC8-A7E4-BF0EF7C895C8}.Debug|x86.ActiveCfg = Debug|Win32
		{8CB20E9F-E8B0-4FC8-A7E4-BF0EF7C895C8}.Debug|x86.Build.0 = Debug|Win32
		{8CB20E9F-E8B0-4FC8-A7E4-BF0EF7C895C8}.Release|x64.ActiveCfg = Release|x64
		{8CB20E9F-E8B0-4FC8-A7E4-BF0EF7C895C8}.Release|x64.Build.0 = Release|x64
		{8CB20E9F-E8B0-4FC8-A7E4-BF0EF7C895C8}.Release|x86.ActiveCfg = Release|Win32
		{8CB20E9F-E8B0-4FC8-A7E4-BF0EF7C895C8}.Release|x86.Build.0 = Release|Win32
	EndGlobalSection
	GlobalSection(SolutionProperties) = preSolution
		HideSolutionNode = FALSE
	EndGlobalSection
	GlobalSection(ExtensibilityGlobals) = postSolution
		SolutionGuid = {E16CD21A-3036-4426-B566-F9DD38309235}
	EndGlobalSection
EndGlobal
